
Microsoft Visual Studio Solution File, Format Version 12.00
# Visual Studio Version 17
VisualStudioVersion = 17.10.35013.160
MinimumVisualStudioVersion = 10.0.40219.1
Project("{FAE04EC0-301F-11D3-BF4B-00C04F79EFBC}") = "HttpRequest", "HttpRequest\HttpRequest.csproj", "{FF8AA45F-25D4-4A97-9DEB-2BD2F0009A75}"
EndProject
Global
	GlobalSection(SolutionConfigurationPlatforms) = preSolution
		Debug|Any CPU = Debug|Any CPU
		Release|Any CPU = Release|Any CPU
	EndGlobalSection
	GlobalSection(ProjectConfigurationPlatforms) = postSolution
		{FF8AA45F-25D4-4A97-9DEB-2BD2F0009A75}.Debug|Any CPU.ActiveCfg = Debug|Any CPU
		{FF8AA45F-25D4-4A97-9DEB-2BD2F0009A75}.Debug|Any CPU.Build.0 = Debug|Any CPU
		{FF8AA45F-25D4-4A97-9DEB-2BD2F0009A75}.Release|Any CPU.ActiveCfg = Release|Any CPU
		{FF8AA45F-25D4-4A97-9DEB-2BD2F0009A75}.Release|Any CPU.Build.0 = Release|Any CPU
	EndGlobalSection
	GlobalSection(SolutionProperties) = preSolution
		HideSolutionNode = FALSE
	EndGlobalSection
	GlobalSection(ExtensibilityGlobals) = postSolution
		SolutionGuid = {F721B458-322C-417A-AB9C-C9F705F34A31}
	EndGlobalSection
EndGlobal
